
Microsoft Visual Studio Solution File, Format Version 12.00
# Visual Studio 15
VisualStudioVersion = 15.0.27703.2035
MinimumVisualStudioVersion = 10.0.40219.1
Project("{FAE04EC0-301F-11D3-BF4B-00C04F79EFBC}") = "DataIO", "DataIO\DataIO\DataIO.csproj", "{B7F464C2-6784-45DA-9E2E-AA33D819D4B8}"
EndProject
Project("{FAE04EC0-301F-11D3-BF4B-00C04F79EFBC}") = "MSSQL-To-CSV", "MSSQL-To-CSV\MSSQL-To-CSV.csproj", "{54F87874-E7E4-46C9-81FD-880C83C15FB1}"
EndProject
Project("{FAE04EC0-301F-11D3-BF4B-00C04F79EFBC}") = "CSVDiff", "CSVDiff\CSVDiff.csproj", "{643F6728-8F58-49FC-B8FC-381051072FF0}"
	ProjectSection(ProjectDependencies) = postProject
		{B7F464C2-6784-45DA-9E2E-AA33D819D4B8} = {B7F464C2-6784-45DA-9E2E-AA33D819D4B8}
	EndProjectSection
EndProject
Global
	GlobalSection(SolutionConfigurationPlatforms) = preSolution
		Debug|Any CPU = Debug|Any CPU
		Release|Any CPU = Release|Any CPU
	EndGlobalSection
	GlobalSection(ProjectConfigurationPlatforms) = postSolution
		{B7F464C2-6784-45DA-9E2E-AA33D819D4B8}.Debug|Any CPU.ActiveCfg = Debug|Any CPU
		{B7F464C2-6784-45DA-9E2E-AA33D819D4B8}.Debug|Any CPU.Build.0 = Debug|Any CPU
		{B7F464C2-6784-45DA-9E2E-AA33D819D4B8}.Release|Any CPU.ActiveCfg = Release|Any CPU
		{B7F464C2-6784-45DA-9E2E-AA33D819D4B8}.Release|Any CPU.Build.0 = Release|Any CPU
		{54F87874-E7E4-46C9-81FD-880C83C15FB1}.Debug|Any CPU.ActiveCfg = Debug|Any CPU
		{54F87874-E7E4-46C9-81FD-880C83C15FB1}.Debug|Any CPU.Build.0 = Debug|Any CPU
		{54F87874-E7E4-46C9-81FD-880C83C15FB1}.Release|Any CPU.ActiveCfg = Release|Any CPU
		{54F87874-E7E4-46C9-81FD-880C83C15FB1}.Release|Any CPU.Build.0 = Release|Any CPU
		{643F6728-8F58-49FC-B8FC-381051072FF0}.Debug|Any CPU.ActiveCfg = Debug|Any CPU
		{643F6728-8F58-49FC-B8FC-381051072FF0}.Debug|Any CPU.Build.0 = Debug|Any CPU
		{643F6728-8F58-49FC-B8FC-381051072FF0}.Release|Any CPU.ActiveCfg = Release|Any CPU
		{643F6728-8F58-49FC-B8FC-381051072FF0}.Release|Any CPU.Build.0 = Release|Any CPU
	EndGlobalSection
	GlobalSection(SolutionProperties) = preSolution
		HideSolutionNode = FALSE
	EndGlobalSection
	GlobalSection(ExtensibilityGlobals) = postSolution
		SolutionGuid = {583AD0A7-3C10-40DB-A1BD-E994A8E7D976}
	EndGlobalSection
EndGlobal
